{
	"name": "@vue/runtime-dom",
	"version": "3.0.5",
	"lockfileVersion": 1,
	"requires": true,
	"dependencies": {
		"csstype": {
			"version": "2.6.14",
			"resolved": "https://registry.npmjs.org/csstype/-/csstype-2.6.14.tgz",
			"integrity": "sha512-2mSc+VEpGPblzAxyeR+vZhJKgYg0Og0nnRi7pmRXFYYxSfnOnW8A5wwQb4n4cE2nIOzqKOAzLCaEX6aBmNEv8A=="
		}
	}
}
